
Microsoft Visual Studio Solution File, Format Version 12.00
# Visual Studio Version 17
VisualStudioVersion = 17.5.002.0
MinimumVisualStudioVersion = 10.0.40219.1
Project("{9A19103F-16F7-4668-BE54-9A1E7A4F7556}") = "PrimeNumbers.WebApi", "PrimeNumbers.WebApi.csproj", "{F1B1B070-7E19-4BA9-836C-8C023C88A7EA}"
EndProject
Global
	GlobalSection(SolutionConfigurationPlatforms) = preSolution
		Debug|Any CPU = Debug|Any CPU
		Release|Any CPU = Release|Any CPU
	EndGlobalSection
	GlobalSection(ProjectConfigurationPlatforms) = postSolution
		{F1B1B070-7E19-4BA9-836C-8C023C88A7EA}.Debug|Any CPU.ActiveCfg = Debug|Any CPU
		{F1B1B070-7E19-4BA9-836C-8C023C88A7EA}.Debug|Any CPU.Build.0 = Debug|Any CPU
		{F1B1B070-7E19-4BA9-836C-8C023C88A7EA}.Release|Any CPU.ActiveCfg = Release|Any CPU
		{F1B1B070-7E19-4BA9-836C-8C023C88A7EA}.Release|Any CPU.Build.0 = Release|Any CPU
	EndGlobalSection
	GlobalSection(SolutionProperties) = preSolution
		HideSolutionNode = FALSE
	EndGlobalSection
	GlobalSection(ExtensibilityGlobals) = postSolution
		SolutionGuid = {F649A6E4-25AF-4E5C-ABE6-77C0AD0A00BA}
	EndGlobalSection
EndGlobal
